
Microsoft Visual Studio Solution File, Format Version 12.00
# Visual Studio Version 17
VisualStudioVersion = 17.7.34221.43
MinimumVisualStudioVersion = 10.0.40219.1
Project("{8BC9CEB8-8B4A-11D0-8D11-00A0C91BC942}") = "PipeServer", "PipeServer.vcxproj", "{E212C302-842E-4E84-BC4D-A8A3D32F8785}"
EndProject
Global
	GlobalSection(SolutionConfigurationPlatforms) = preSolution
		Debug|x64 = Debug|x64
		Debug|x86 = Debug|x86
		Release|x64 = Release|x64
		Release|x86 = Release|x86
	EndGlobalSection
	GlobalSection(ProjectConfigurationPlatforms) = postSolution
		{E212C302-842E-4E84-BC4D-A8A3D32F8785}.Debug|x64.ActiveCfg = Debug|x64
		{E212C302-842E-4E84-BC4D-A8A3D32F8785}.Debug|x64.Build.0 = Debug|x64
		{E212C302-842E-4E84-BC4D-A8A3D32F8785}.Debug|x86.ActiveCfg = Debug|Win32
		{E212C302-842E-4E84-BC4D-A8A3D32F8785}.Debug|x86.Build.0 = Debug|Win32
		{E212C302-842E-4E84-BC4D-A8A3D32F8785}.Release|x64.ActiveCfg = Release|x64
		{E212C302-842E-4E84-BC4D-A8A3D32F8785}.Release|x64.Build.0 = Release|x64
		{E212C302-842E-4E84-BC4D-A8A3D32F8785}.Release|x86.ActiveCfg = Release|Win32
		{E212C302-842E-4E84-BC4D-A8A3D32F8785}.Release|x86.Build.0 = Release|Win32
	EndGlobalSection
	GlobalSection(SolutionProperties) = preSolution
		HideSolutionNode = FALSE
	EndGlobalSection
	GlobalSection(ExtensibilityGlobals) = postSolution
		SolutionGuid = {EC0BC1D1-F05C-433B-BF9F-F3A1F9D0FF85}
	EndGlobalSection
EndGlobal
