
Microsoft Visual Studio Solution File, Format Version 12.00
# Visual Studio Version 17
VisualStudioVersion = 17.7.34221.43
MinimumVisualStudioVersion = 10.0.40219.1
Project("{8BC9CEB8-8B4A-11D0-8D11-00A0C91BC942}") = "peers", "peers.vcxproj", "{D72E0701-B4E7-4F3A-B0A1-4F6865A20CFE}"
EndProject
Global
	GlobalSection(SolutionConfigurationPlatforms) = preSolution
		Debug|x64 = Debug|x64
		Debug|x86 = Debug|x86
		Release|x64 = Release|x64
		Release|x86 = Release|x86
	EndGlobalSection
	GlobalSection(ProjectConfigurationPlatforms) = postSolution
		{D72E0701-B4E7-4F3A-B0A1-4F6865A20CFE}.Debug|x64.ActiveCfg = Debug|x64
		{D72E0701-B4E7-4F3A-B0A1-4F6865A20CFE}.Debug|x64.Build.0 = Debug|x64
		{D72E0701-B4E7-4F3A-B0A1-4F6865A20CFE}.Debug|x86.ActiveCfg = Debug|Win32
		{D72E0701-B4E7-4F3A-B0A1-4F6865A20CFE}.Debug|x86.Build.0 = Debug|Win32
		{D72E0701-B4E7-4F3A-B0A1-4F6865A20CFE}.Release|x64.ActiveCfg = Release|x64
		{D72E0701-B4E7-4F3A-B0A1-4F6865A20CFE}.Release|x64.Build.0 = Release|x64
		{D72E0701-B4E7-4F3A-B0A1-4F6865A20CFE}.Release|x86.ActiveCfg = Release|Win32
		{D72E0701-B4E7-4F3A-B0A1-4F6865A20CFE}.Release|x86.Build.0 = Release|Win32
	EndGlobalSection
	GlobalSection(SolutionProperties) = preSolution
		HideSolutionNode = FALSE
	EndGlobalSection
	GlobalSection(ExtensibilityGlobals) = postSolution
		SolutionGuid = {060EB76D-D99A-4220-94E6-87CB7C1892EE}
	EndGlobalSection
EndGlobal
